// !$*UTF8*$!
{
	archiveVersion = 1;
	classes = {
	};
	objectVersion = 50;
	objects = {

/* Begin PBXBuildFile section */
		7655C07F21B96F3D0059D925 /* main.cpp in Sources */ = {isa = PBXBuildFile; fileRef = 7655C07E21B96F3D0059D925 /* main.cpp */; };
		7655C08721B96F6E0059D925 /* MathLab.cpp in Sources */ = {isa = PBXBuildFile; fileRef = 7655C08521B96F6E0059D925 /* MathLab.cpp */; };
		76BCFE8C21CA815A00137F69 /* SortCampare.cpp in Sources */ = {isa = PBXBuildFile; fileRef = 76BCFE8A21CA815A00137F69 /* SortCampare.cpp */; };
/* End PBXBuildFile section */

/* Begin PBXCopyFilesBuildPhase section */
		7655C07921B96F3D0059D925 /* CopyFiles */ = {
			isa = PBXCopyFilesBuildPhase;
			buildActionMask = 2147483647;
			dstPath = /usr/share/man/man1/;
			dstSubfolderSpec = 0;
			files = (
			);
			runOnlyForDeploymentPostprocessing = 1;
		};
/* End PBXCopyFilesBuildPhase section */

/* Begin PBXFileReference section */
		7655C07B21B96F3D0059D925 /* StoryRoom */ = {isa = PBXFileReference; explicitFileType = "compiled.mach-o.executable"; includeInIndex = 0; path = StoryRoom; sourceTree = BUILT_PRODUCTS_DIR; };
		7655C07E21B96F3D0059D925 /* main.cpp */ = {isa = PBXFileReference; lastKnownFileType = sourcecode.cpp.cpp; path = main.cpp; sourceTree = "<group>"; };
		7655C08521B96F6E0059D925 /* MathLab.cpp */ = {isa = PBXFileReference; lastKnownFileType = sourcecode.cpp.cpp; path = MathLab.cpp; sourceTree = "<group>"; };
		7655C08621B96F6E0059D925 /* MathLab.hpp */ = {isa = PBXFileReference; lastKnownFileType = sourcecode.cpp.h; path = MathLab.hpp; sourceTree = "<group>"; };
		76BCFE8A21CA815A00137F69 /* SortCampare.cpp */ = {isa = PBXFileReference; lastKnownFileType = sourcecode.cpp.cpp; path = SortCampare.cpp; sourceTree = "<group>"; };
		76BCFE8B21CA815A00137F69 /* SortCampare.hpp */ = {isa = PBXFileReference; lastKnownFileType = sourcecode.cpp.h; path = SortCampare.hpp; sourceTree = "<group>"; };
/* End PBXFileReference section */

/* Begin PBXFrameworksBuildPhase section */
		7655C07821B96F3D0059D925 /* Frameworks */ = {
			isa = PBXFrameworksBuildPhase;
			buildActionMask = 2147483647;
			files = (
			);
			runOnlyForDeploymentPostprocessing = 0;
		};
/* End PBXFrameworksBuildPhase section */

/* Begin PBXGroup section */
		7655C07221B96F3D0059D925 = {
			isa = PBXGroup;
			children = (
				76BCFE8A21CA815A00137F69 /* SortCampare.cpp */,
				76BCFE8B21CA815A00137F69 /* SortCampare.hpp */,
				7655C08521B96F6E0059D925 /* MathLab.cpp */,
				7655C08621B96F6E0059D925 /* MathLab.hpp */,
				7655C07D21B96F3D0059D925 /* StoryRoom */,
				7655C07C21B96F3D0059D925 /* Products */,
			);
			sourceTree = "<group>";
		};
		7655C07C21B96F3D0059D925 /* Products */ = {
			isa = PBXGroup;
			children = (
				7655C07B21B96F3D0059D925 /* StoryRoom */,
			);
			name = Products;
			sourceTree = "<group>";
		};
		7655C07D21B96F3D0059D925 /* StoryRoom */ = {
			isa = PBXGroup;
			children = (
				7655C07E21B96F3D0059D925 /* main.cpp */,
			);
			path = StoryRoom;
			sourceTree = "<group>";
		};
/* End PBXGroup section */

/* Begin PBXNativeTarget section */
		7655C07A21B96F3D0059D925 /* StoryRoom */ = {
			isa = PBXNativeTarget;
			buildConfigurationList = 7655C08221B96F3D0059D925 /* Build configuration list for PBXNativeTarget "StoryRoom" */;
			buildPhases = (
				7655C07721B96F3D0059D925 /* Sources */,
				7655C07821B96F3D0059D925 /* Frameworks */,
				7655C07921B96F3D0059D925 /* CopyFiles */,
			);
			buildRules = (
			);
			dependencies = (
			);
			name = StoryRoom;
			productName = StoryRoom;
			productReference = 7655C07B21B96F3D0059D925 /* StoryRoom */;
			productType = "com.apple.product-type.tool";
		};
/* End PBXNativeTarget section */

/* Begin PBXProject section */
		7655C07321B96F3D0059D925 /* Project object */ = {
			isa = PBXProject;
			attributes = {
				LastUpgradeCheck = 1010;
				ORGANIZATIONNAME = "威化饼干";
				TargetAttributes = {
					7655C07A21B96F3D0059D925 = {
						CreatedOnToolsVersion = 10.1;
					};
				};
			};
			buildConfigurationList = 7655C07621B96F3D0059D925 /* Build configuration list for PBXProject "StoryRoom" */;
			compatibilityVersion = "Xcode 9.3";
			developmentRegion = en;
			hasScannedForEncodings = 0;
			knownRegions = (
				en,
			);
			mainGroup = 7655C07221B96F3D0059D925;
			productRefGroup = 7655C07C21B96F3D0059D925 /* Products */;
			projectDirPath = "";
			projectRoot = "";
			targets = (
				7655C07A21B96F3D0059D925 /* StoryRoom */,
			);
		};
/* End PBXProject section */

/* Begin PBXSourcesBuildPhase section */
		7655C07721B96F3D0059D925 /* Sources */ = {
			isa = PBXSourcesBuildPhase;
			buildActionMask = 2147483647;
			files = (
				7655C07F21B96F3D0059D925 /* main.cpp in Sources */,
				76BCFE8C21CA815A00137F69 /* SortCampare.cpp in Sources */,
				7655C08721B96F6E0059D925 /* MathLab.cpp in Sources */,
			);
			runOnlyForDeploymentPostprocessing = 0;
		};
/* End PBXSourcesBuildPhase section */

/* Begin XCBuildConfiguration section */
		7655C08021B96F3D0059D925 /* Debug */ = {
			isa = XCBuildConfiguration;
			buildSettings = {
				ALWAYS_SEARCH_USER_PATHS = NO;
				CLANG_ANALYZER_NONNULL = YES;
				CLANG_ANALYZER_NUMBER_OBJECT_CONVERSION = YES_AGGRESSIVE;
				CLANG_CXX_LANGUAGE_STANDARD = "gnu++14";
				CLANG_CXX_LIBRARY = "libc++";
				CLANG_ENABLE_MODULES = YES;
				CLANG_ENABLE_OBJC_ARC = YES;
				CLANG_ENABLE_OBJC_WEAK = YES;
				CLANG_WARN_BLOCK_CAPTURE_AUTORELEASING = YES;
				CLANG_WARN_BOOL_CONVERSION = YES;
				CLANG_WARN_COMMA = YES;
				CLANG_WARN_CONSTANT_CONVERSION = YES;
				CLANG_WARN_DEPRECATED_OBJC_IMPLEMENTATIONS = YES;
				CLANG_WARN_DIRECT_OBJC_ISA_USAGE = YES_ERROR;
				CLANG_WARN_DOCUMENTATION_COMMENTS = YES;
				CLANG_WARN_EMPTY_BODY = YES;
				CLANG_WARN_ENUM_CONVERSION = YES;
				CLANG_WARN_INFINITE_RECURSION = YES;
				CLANG_WARN_INT_CONVERSION = YES;
				CLANG_WARN_NON_LITERAL_NULL_CONVERSION = YES;
				CLANG_WARN_OBJC_IMPLICIT_RETAIN_SELF = YES;
				CLANG_WARN_OBJC_LITERAL_CONVERSION = YES;
				CLANG_WARN_OBJC_ROOT_CLASS = YES_ERROR;
				CLANG_WARN_RANGE_LOOP_ANALYSIS = YES;
				CLANG_WARN_STRICT_PROTOTYPES = YES;
				CLANG_WARN_SUSPICIOUS_MOVE = YES;
				CLANG_WARN_UNGUARDED_AVAILABILITY = YES_AGGRESSIVE;
				CLANG_WARN_UNREACHABLE_CODE = YES;
				CLANG_WARN__DUPLICATE_METHOD_MATCH = YES;
				CODE_SIGN_IDENTITY = "-";
				COPY_PHASE_STRIP = NO;
				DEBUG_INFORMATION_FORMAT = dwarf;
				ENABLE_STRICT_OBJC_MSGSEND = YES;
				ENABLE_TESTABILITY = YES;
				GCC_C_LANGUAGE_STANDARD = gnu11;
				GCC_DYNAMIC_NO_PIC = NO;
				GCC_NO_COMMON_BLOCKS = YES;
				GCC_OPTIMIZATION_LEVEL = 0;
				GCC_PREPROCESSOR_DEFINITIONS = (
					"DEBUG=1",
					"$(inherited)",
				);
				GCC_WARN_64_TO_32_BIT_CONVERSION = YES;
				GCC_WARN_ABOUT_RETURN_TYPE = YES_ERROR;
				GCC_WARN_UNDECLARED_SELECTOR = YES;
				GCC_WARN_UNINITIALIZED_AUTOS = YES_AGGRESSIVE;
				GCC_WARN_UNUSED_FUNCTION = YES;
				GCC_WARN_UNUSED_VARIABLE = YES;
				MACOSX_DEPLOYMENT_TARGET = 10.14;
				MTL_ENABLE_DEBUG_INFO = INCLUDE_SOURCE;
				MTL_FAST_MATH = YES;
				ONLY_ACTIVE_ARCH = YES;
				SDKROOT = macosx;
			};
			name = Debug;
		};
		7655C08121B96F3D0059D925 /* Release */ = {
			isa = XCBuildConfiguration;
			buildSettings = {
				ALWAYS_SEARCH_USER_PATHS = NO;
				CLANG_ANALYZER_NONNULL = YES;
				CLANG_ANALYZER_NUMBER_OBJECT_CONVERSION = YES_AGGRESSIVE;
				CLANG_CXX_LANGUAGE_STANDARD = "gnu++14";
				CLANG_CXX_LIBRARY = "libc++";
				CLANG_ENABLE_MODULES = YES;
				CLANG_ENABLE_OBJC_ARC = YES;
				CLANG_ENABLE_OBJC_WEAK = YES;
				CLANG_WARN_BLOCK_CAPTURE_AUTORELEASING = YES;
				CLANG_WARN_BOOL_CONVERSION = YES;
				CLANG_WARN_COMMA = YES;
				CLANG_WARN_CONSTANT_CONVERSION = YES;
				CLANG_WARN_DEPRECATED_OBJC_IMPLEMENTATIONS = YES;
				CLANG_WARN_DIRECT_OBJC_ISA_USAGE = YES_ERROR;
				CLANG_WARN_DOCUMENTATION_COMMENTS = YES;
				CLANG_WARN_EMPTY_BODY = YES;
				CLANG_WARN_ENUM_CONVERSION = YES;
				CLANG_WARN_INFINITE_RECURSION = YES;
				CLANG_WARN_INT_CONVERSION = YES;
				CLANG_WARN_NON_LITERAL_NULL_CONVERSION = YES;
				CLANG_WARN_OBJC_IMPLICIT_RETAIN_SELF = YES;
				CLANG_WARN_OBJC_LITERAL_CONVERSION = YES;
				CLANG_WARN_OBJC_ROOT_CLASS = YES_ERROR;
				CLANG_WARN_RANGE_LOOP_ANALYSIS = YES;
				CLANG_WARN_STRICT_PROTOTYPES = YES;
				CLANG_WARN_SUSPICIOUS_MOVE = YES;
				CLANG_WARN_UNGUARDED_AVAILABILITY = YES_AGGRESSIVE;
				CLANG_WARN_UNREACHABLE_CODE = YES;
				CLANG_WARN__DUPLICATE_METHOD_MATCH = YES;
				CODE_SIGN_IDENTITY = "-";
				COPY_PHASE_STRIP = NO;
				DEBUG_INFORMATION_FORMAT = "dwarf-with-dsym";
				ENABLE_NS_ASSERTIONS = NO;
				ENABLE_STRICT_OBJC_MSGSEND = YES;
				GCC_C_LANGUAGE_STANDARD = gnu11;
				GCC_NO_COMMON_BLOCKS = YES;
				GCC_WARN_64_TO_32_BIT_CONVERSION = YES;
				GCC_WARN_ABOUT_RETURN_TYPE = YES_ERROR;
				GCC_WARN_UNDECLARED_SELECTOR = YES;
				GCC_WARN_UNINITIALIZED_AUTOS = YES_AGGRESSIVE;
				GCC_WARN_UNUSED_FUNCTION = YES;
				GCC_WARN_UNUSED_VARIABLE = YES;
				MACOSX_DEPLOYMENT_TARGET = 10.14;
				MTL_ENABLE_DEBUG_INFO = NO;
				MTL_FAST_MATH = YES;
				SDKROOT = macosx;
			};
			name = Release;
		};
		7655C08321B96F3D0059D925 /* Debug */ = {
			isa = XCBuildConfiguration;
			buildSettings = {
				CODE_SIGN_STYLE = Automatic;
				PRODUCT_NAME = "$(TARGET_NAME)";
			};
			name = Debug;
		};
		7655C08421B96F3D0059D925 /* Release */ = {
			isa = XCBuildConfiguration;
			buildSettings = {
				CODE_SIGN_STYLE = Automatic;
				PRODUCT_NAME = "$(TARGET_NAME)";
			};
			name = Release;
		};
/* End XCBuildConfiguration section */

/* Begin XCConfigurationList section */
		7655C07621B96F3D0059D925 /* Build configuration list for PBXProject "StoryRoom" */ = {
			isa = XCConfigurationList;
			buildConfigurations = (
				7655C08021B96F3D0059D925 /* Debug */,
				7655C08121B96F3D0059D925 /* Release */,
			);
			defaultConfigurationIsVisible = 0;
			defaultConfigurationName = Release;
		};
		7655C08221B96F3D0059D925 /* Build configuration list for PBXNativeTarget "StoryRoom" */ = {
			isa = XCConfigurationList;
			buildConfigurations = (
				7655C08321B96F3D0059D925 /* Debug */,
				7655C08421B96F3D0059D925 /* Release */,
			);
			defaultConfigurationIsVisible = 0;
			defaultConfigurationName = Release;
		};
/* End XCConfigurationList section */
	};
	rootObject = 7655C07321B96F3D0059D925 /* Project object */;
}
